
Microsoft Visual Studio Solution File, Format Version 12.00
# Visual Studio 14
VisualStudioVersion = 14.0.24720.0
MinimumVisualStudioVersion = 10.0.40219.1
Project("{FAE04EC0-301F-11D3-BF4B-00C04F79EFBC}") = "Server", "Server\Server.csproj", "{B6ADFFC1-ED27-45E4-9921-6A48F54E7F0A}"
EndProject
Project("{FAE04EC0-301F-11D3-BF4B-00C04F79EFBC}") = "Client", "Client\Client.csproj", "{6FBEDCA8-D30B-43B5-BF35-874B45CB22C2}"
	ProjectSection(ProjectDependencies) = postProject
		{B6ADFFC1-ED27-45E4-9921-6A48F54E7F0A} = {B6ADFFC1-ED27-45E4-9921-6A48F54E7F0A}
	EndProjectSection
EndProject
Global
	GlobalSection(SolutionConfigurationPlatforms) = preSolution
		Debug|Any CPU = Debug|Any CPU
		Release|Any CPU = Release|Any CPU
	EndGlobalSection
	GlobalSection(ProjectConfigurationPlatforms) = postSolution
		{B6ADFFC1-ED27-45E4-9921-6A48F54E7F0A}.Debug|Any CPU.ActiveCfg = Debug|Any CPU
		{B6ADFFC1-ED27-45E4-9921-6A48F54E7F0A}.Debug|Any CPU.Build.0 = Debug|Any CPU
		{B6ADFFC1-ED27-45E4-9921-6A48F54E7F0A}.Release|Any CPU.ActiveCfg = Release|Any CPU
		{B6ADFFC1-ED27-45E4-9921-6A48F54E7F0A}.Release|Any CPU.Build.0 = Release|Any CPU
		{6FBEDCA8-D30B-43B5-BF35-874B45CB22C2}.Debug|Any CPU.ActiveCfg = Debug|Any CPU
		{6FBEDCA8-D30B-43B5-BF35-874B45CB22C2}.Debug|Any CPU.Build.0 = Debug|Any CPU
		{6FBEDCA8-D30B-43B5-BF35-874B45CB22C2}.Release|Any CPU.ActiveCfg = Release|Any CPU
		{6FBEDCA8-D30B-43B5-BF35-874B45CB22C2}.Release|Any CPU.Build.0 = Release|Any CPU
	EndGlobalSection
	GlobalSection(SolutionProperties) = preSolution
		HideSolutionNode = FALSE
	EndGlobalSection
EndGlobal
